# This file is autogenerated, do not edit; changes may be undone by the next 'dep ensure'.


[[projects]]
  digest = "1:ee35b514b6826a6e65bc24795873020d86570e5252c30c7e136581d0fa4ebdb0"
  name = "github.com/NYTimes/gziphandler"
  packages = ["."]
  pruneopts = ""
  revision = "dd0439581c7657cb652dfe5c71d7d48baf39541d"
  version = "v1.1.1"

[[projects]]
  digest = "1:ac2a05be7167c495fe8aaf8aaf62ecf81e78d2180ecb04e16778dc6c185c96a5"
  name = "github.com/beorn7/perks"
  packages = ["quantile"]
  pruneopts = ""
  revision = "37c8de3658fcb183f997c4e13e8337516ab753e6"
  version = "v1.0.1"

[[projects]]
  digest = "1:00b2c2ee0f120e9d267674ca28446e6aa43258d2c5491861664325e24ef32e62"
  name = "github.com/blang/semver"
  packages = ["."]
  pruneopts = ""
  revision = "ba2c2ddd89069b46a7011d4106f6868f17ee1705"
  version = "v3.6.1"

[[projects]]
  digest = "1:ed112122ed4a920d944cc99b9d00b0441c11685939c28462c719488d36fe29aa"
  name = "github.com/boltdb/bolt"
  packages = ["."]
  pruneopts = ""
  revision = "2f1ce7a837dcb8da3ec595b1dac9d0632f0f99e8"
  version = "v1.3.1"

[[projects]]
  digest = "1:1cf61f0228e64d1bfddaa42bfd1f5047ed3626925b9bea69bbcb9168472dae23"
  name = "github.com/cenkalti/backoff"
  packages = ["."]
  pruneopts = ""
  revision = "61153c768f31ee5f130071d08fc82b85208528de"
  version = "v1.1.0"

[[projects]]
  digest = "1:0deddd908b6b4b768cfc272c16ee61e7088a60f7fe2f06c547bd3d8e1f8b8e77"
  name = "github.com/davecgh/go-spew"
  packages = ["spew"]
  pruneopts = ""
  revision = "8991bc29aa16c548c550c7ff78260e27b9ab7c73"
  version = "v1.1.1"

[[projects]]
  branch = "develop"
  digest = "1:1192bcbe8a09ed2121616963f3373c7af56f43ecd705e0c08369d264c94d4177"
  name = "github.com/fibercrypto/skywallet-go"
  packages = [
    "src/skywallet",
    "src/skywallet/usb",
    "src/skywallet/wire",
    "src/usb/lowlevel/hidapi",
    "src/usb/lowlevel/libusb",
  ]
  pruneopts = ""
  revision = "64371a1b9dcaca0fc43822ae0b91c93212f24978"

[[projects]]
  branch = "develop"
  digest = "1:8a322b0ea35a8a35dcae54bbabeb1b9e3a1f19746d0e91560159c7a4d431f3e7"
  name = "github.com/fibercrypto/skywallet-protob"
  packages = [
    "go",
    "go/google/protobuf",
  ]
  pruneopts = ""
  revision = "8ce918b0c1c3d7e3d315ee19e2d097ea4ee78838"

[[projects]]
  digest = "1:d69d2ba23955582a64e367ff2b0808cdbd048458c178cea48f11ab8c40bd7aea"
  name = "github.com/gogo/protobuf"
  packages = ["proto"]
  pruneopts = ""
  revision = "5628607bb4c51c3157aacc3a50f0ab707582b805"
  version = "v1.3.1"

[[projects]]
  digest = "1:b852d2b62be24e445fcdbad9ce3015b44c207815d631230dfce3f14e7803f5bf"
  name = "github.com/golang/protobuf"
  packages = ["proto"]
  pruneopts = ""
  revision = "6c65a5562fc06764971b7c5d05c76c75e84bdbf7"
  version = "v1.3.2"

[[projects]]
  digest = "1:870d441fe217b8e689d7949fef6e43efbc787e50f200cb1e70dbca9204a1d6be"
  name = "github.com/inconshreveable/mousetrap"
  packages = ["."]
  pruneopts = ""
  revision = "76626ae9c91c4f2a10f34cad8ce83ea42c93bb75"
  version = "v1.0"

[[projects]]
  digest = "1:0f51cee70b0d254dbc93c22666ea2abf211af81c1701a96d04e2284b408621db"
  name = "github.com/konsorten/go-windows-terminal-sequences"
  packages = ["."]
  pruneopts = ""
  revision = "f55edac94c9bbba5d6182a4be46d86a2c9b5b50e"
  version = "v1.0.2"

[[projects]]
  digest = "1:9b58ad18b38cf0d44b1d006fce319e45f200eafa406fe7f65fe0d0194b9f7a9f"
  name = "github.com/mattn/go-colorable"
  packages = ["."]
  pruneopts = ""
  revision = "98ec13f34aabf44cc914c65a1cfb7b9bc815aef1"
  version = "v0.1.4"

[[projects]]
  digest = "1:5794dadc5456af270fc564d98efbfa1f3627cd6c733ca772d14409793772064f"
  name = "github.com/mattn/go-isatty"
  packages = ["."]
  pruneopts = ""
  revision = "88ba11cfdc67c7588b30042edf244b2875f892b6"
  version = "v0.0.10"

[[projects]]
  digest = "1:63722a4b1e1717be7b98fc686e0b30d5e7f734b9e93d7dee86293b6deab7ea28"
  name = "github.com/matttproud/golang_protobuf_extensions"
  packages = ["pbutil"]
  pruneopts = ""
  revision = "c12348ce28de40eed0136aa2b644d0ee0650e56c"
  version = "v1.0.1"

[[projects]]
  branch = "master"
  digest = "1:50416da10e189bc201e122e20078fb8e680a439cbdd24aaece06c434b4415b60"
  name = "github.com/mgutz/ansi"
  packages = ["."]
  pruneopts = ""
  revision = "9520e82c474b0a04dd04f8a40959027271bab992"

[[projects]]
  digest = "1:256484dbbcd271f9ecebc6795b2df8cad4c458dd0f5fd82a8c2fa0c29f233411"
  name = "github.com/pmezard/go-difflib"
  packages = ["difflib"]
  pruneopts = ""
  revision = "792786c7400a136282c1664665ae0a8db921c6c2"
  version = "v1.0.0"

[[projects]]
  digest = "1:4142d94383572e74b42352273652c62afec5b23f325222ed09198f46009022d1"
  name = "github.com/prometheus/client_golang"
  packages = [
    "prometheus",
    "prometheus/promhttp",
  ]
  pruneopts = ""
  revision = "c5b7fccd204277076155f10851dad72b76a49317"
  version = "v0.8.0"

[[projects]]
  branch = "master"
  digest = "1:0a565f69553dd41b3de790fde3532e9237142f2637899e20cd3e7396f0c4f2f7"
  name = "github.com/prometheus/client_model"
  packages = ["go"]
  pruneopts = ""
  revision = "14fe0d1b01d4d5fc031dd4bec1823bd3ebbe8016"

[[projects]]
  digest = "1:8904acfa3ef080005c1fc0670ed0471739d1e211be5638cfa6af536b701942ae"
  name = "github.com/prometheus/common"
  packages = [
    "expfmt",
    "internal/bitbucket.org/ww/goautoneg",
    "model",
  ]
  pruneopts = ""
  revision = "287d3e634a1e550c9e463dd7e5a75a422c614505"
  version = "v0.7.0"

[[projects]]
  digest = "1:336cceed363be8017a8de62baf456586ade14e7c107d909ae8b084d8205fdb3e"
  name = "github.com/prometheus/procfs"
  packages = [
    ".",
    "internal/fs",
    "internal/util",
  ]
  pruneopts = ""
  revision = "3a8122e6a950185a58d8d6a909450a575602becd"
  version = "v0.0.7"

[[projects]]
  digest = "1:1b2b34c281548413e60ec8a0efb951e75820bc6d1ee25f6d3c83fde0add004c3"
  name = "github.com/rs/cors"
  packages = ["."]
  pruneopts = ""
  revision = "db0fe48135e83b5812a5a31be0eea66984b1b521"
  version = "v1.7.0"

[[projects]]
  digest = "1:615c827f6a892973a587c754ae5fad7acfc4352657aff23d0238fe0ba2a154df"
  name = "github.com/shopspring/decimal"
  packages = ["."]
  pruneopts = ""
  revision = "cd690d0c9e2447b1ef2a129a6b7b49077da89b8e"
  version = "1.1.0"

[[projects]]
  digest = "1:1a405cddcf3368445051fb70ab465ae99da56ad7be8d8ca7fc52159d1c2d873c"
  name = "github.com/sirupsen/logrus"
  packages = ["."]
  pruneopts = ""
  revision = "839c75faf7f98a33d445d181f3018b5c3409a45e"
  version = "v1.4.2"

[[projects]]
  branch = "develop"
  digest = "1:a96107d03315106d509f02d1bae169f6fc9a4f62a28f5d4d49f08de62e9ec5cb"
  name = "github.com/skycoin/skycoin"
  packages = [
    "src/api",
    "src/cipher",
    "src/cipher/base58",
    "src/cipher/bip32",
    "src/cipher/bip39",
    "src/cipher/bip39/wordlists",
    "src/cipher/bip44",
    "src/cipher/chacha20poly1305",
    "src/cipher/chacha20poly1305/internal/chacha20",
    "src/cipher/encoder",
    "src/cipher/encrypt",
    "src/cipher/pbkdf2",
    "src/cipher/poly1305",
    "src/cipher/ripemd160",
    "src/cipher/scrypt",
    "src/cipher/secp256k1-go",
    "src/cipher/secp256k1-go/secp256k1-go2",
    "src/cipher/testsuite",
    "src/cli",
    "src/coin",
    "src/daemon",
    "src/daemon/gnet",
    "src/daemon/pex",
    "src/daemon/strand",
    "src/kvstorage",
    "src/params",
    "src/readable",
    "src/testutil",
    "src/transaction",
    "src/util/apputil",
    "src/util/droplet",
    "src/util/elapse",
    "src/util/fee",
    "src/util/file",
    "src/util/http",
    "src/util/iputil",
    "src/util/logging",
    "src/util/mathutil",
    "src/util/timeutil",
    "src/util/useragent",
    "src/visor",
    "src/visor/blockdb",
    "src/visor/dbutil",
    "src/visor/historydb",
    "src/wallet",
  ]
  pruneopts = ""
  revision = "d7e4b2f3e31ea96bdcaba595507fde42baa156b9"

[[projects]]
  digest = "1:0c63b3c7ad6d825a898f28cb854252a3b29d37700c68a117a977263f5ec94efe"
  name = "github.com/spf13/cobra"
  packages = ["."]
  pruneopts = ""
  revision = "f2b07da1e2c38d5f12845a4f607e2e1018cbb1f5"
  version = "v0.0.5"

[[projects]]
  digest = "1:688428eeb1ca80d92599eb3254bdf91b51d7e232fead3a73844c1f201a281e51"
  name = "github.com/spf13/pflag"
  packages = ["."]
  pruneopts = ""
  revision = "2e9d26c8c37aae03e3f9d4e90b7116f5accb7cab"
  version = "v1.0.5"

[[projects]]
  digest = "1:88e031206b52c11a8442f3f07e9bcddc1b248274d0506c768a948e7e254b84bb"
  name = "github.com/stretchr/objx"
  packages = ["."]
  pruneopts = ""
  revision = "ea4fe68685ee0d3cee7032121851b57e7494e8ea"
  version = "v0.2.0"

[[projects]]
  digest = "1:3b4870930878fb464616897c4e4bc100d323a8f95c3d8bbff0952d372571f7f7"
  name = "github.com/stretchr/testify"
  packages = [
    "assert",
    "mock",
    "require",
  ]
  pruneopts = ""
  revision = "2aa2c176b9dab406a6970f6a55f513e8a8c8b18f"

[[projects]]
  branch = "master"
  digest = "1:2f02f4bd6febc160aa539753b29b7457ed63454a29d7cf2e8b2fd0e1851e7d5f"
  name = "github.com/therecipe/qt"
  packages = [
    "core",
    "gui",
    "internal/binding/runtime",
    "network",
    "qml",
  ]
  pruneopts = ""
  revision = "0f56c6673a90e5cb2f0b7e626b930a0994536d47"

[[projects]]
  branch = "master"
  digest = "1:0296ee1ea79f78060b44458a816950f9b388b1cee78b870527cdb122d5010e29"
  name = "golang.org/x/crypto"
  packages = ["ssh/terminal"]
  pruneopts = ""
  revision = "4f8c1d86b1ba699e7a66cd649947ed270a74e0bb"

[[projects]]
  branch = "master"
  digest = "1:1de58c5f172054bd703e3abfc245557214c2c4a798d338eeeaadbe15a34db483"
  name = "golang.org/x/net"
  packages = ["context"]
  pruneopts = ""
  revision = "fc4aabc6c91483155dade6fbb627cc953a723260"

[[projects]]
  branch = "master"
  digest = "1:11845cae7402f689cdea0c89f6979f1e9ec2e15e413a4ebf6ce3d5eaee33aa87"
  name = "golang.org/x/sys"
  packages = [
    "unix",
    "windows",
  ]
  pruneopts = ""
  revision = "bd437916bb0eb726b873ee8e9b2dcf212d32e2fd"

[solve-meta]
  analyzer-name = "dep"
  analyzer-version = 1
  input-imports = [
    "github.com/davecgh/go-spew/spew",
    "github.com/fibercrypto/skywallet-go/src/skywallet",
    "github.com/fibercrypto/skywallet-go/src/skywallet/usb",
    "github.com/fibercrypto/skywallet-go/src/skywallet/wire",
    "github.com/fibercrypto/skywallet-protob/go",
    "github.com/gogo/protobuf/proto",
    "github.com/mgutz/ansi",
    "github.com/sirupsen/logrus",
    "github.com/skycoin/skycoin/src/api",
    "github.com/skycoin/skycoin/src/cipher",
    "github.com/skycoin/skycoin/src/cipher/bip39",
    "github.com/skycoin/skycoin/src/cipher/testsuite",
    "github.com/skycoin/skycoin/src/cli",
    "github.com/skycoin/skycoin/src/coin",
    "github.com/skycoin/skycoin/src/params",
    "github.com/skycoin/skycoin/src/readable",
    "github.com/skycoin/skycoin/src/testutil",
    "github.com/skycoin/skycoin/src/util/droplet",
    "github.com/skycoin/skycoin/src/util/file",
    "github.com/skycoin/skycoin/src/util/logging",
    "github.com/skycoin/skycoin/src/visor",
    "github.com/skycoin/skycoin/src/wallet",
    "github.com/stretchr/testify/mock",
    "github.com/stretchr/testify/require",
    "github.com/therecipe/qt/core",
    "github.com/therecipe/qt/gui",
    "github.com/therecipe/qt/qml",
    "golang.org/x/crypto/ssh/terminal",
  ]
  solver-name = "gps-cdcl"
  solver-version = 1
