# This file is autogenerated, do not edit; changes may be undone by the next 'dep ensure'.


[[projects]]
  digest = "1:632e5f740de6cafce1c08f659bfa10e75f7e7938dfaeb3d99c82fcbf484484e2"
  name = "github.com/NYTimes/gziphandler"
  packages = ["."]
  pruneopts = "NUT"
  revision = "dd0439581c7657cb652dfe5c71d7d48baf39541d"
  version = "v1.1.1"

[[projects]]
  digest = "1:016b62efaf0947541de680c1d4ce92085a9954581c8a423847c6455c4aca18c3"
  name = "github.com/SkycoinProject/skycoin"
  packages = [
    "src/api",
    "src/cipher",
    "src/cipher/base58",
    "src/cipher/bip32",
    "src/cipher/bip39",
    "src/cipher/bip39/wordlists",
    "src/cipher/bip44",
    "src/cipher/chacha20poly1305",
    "src/cipher/chacha20poly1305/internal/chacha20",
    "src/cipher/encoder",
    "src/cipher/encrypt",
    "src/cipher/pbkdf2",
    "src/cipher/poly1305",
    "src/cipher/ripemd160",
    "src/cipher/scrypt",
    "src/cipher/secp256k1-go",
    "src/cipher/secp256k1-go/secp256k1-go2",
    "src/cipher/testsuite",
    "src/cli",
    "src/coin",
    "src/daemon",
    "src/daemon/gnet",
    "src/daemon/pex",
    "src/daemon/strand",
    "src/kvstorage",
    "src/params",
    "src/readable",
    "src/testutil",
    "src/transaction",
    "src/util/apputil",
    "src/util/droplet",
    "src/util/elapse",
    "src/util/fee",
    "src/util/file",
    "src/util/http",
    "src/util/iputil",
    "src/util/logging",
    "src/util/mathutil",
    "src/util/timeutil",
    "src/util/useragent",
    "src/visor",
    "src/visor/blockdb",
    "src/visor/dbutil",
    "src/visor/historydb",
    "src/wallet",
  ]
  pruneopts = ""
  revision = "66f5df5849d339d403a475d523ebe7d1a4c92c31"
  version = "v0.27.0"

[[projects]]
  digest = "1:707ebe952a8b3d00b343c01536c79c73771d100f63ec6babeaed5c79e2b8a8dd"
  name = "github.com/beorn7/perks"
  packages = ["quantile"]
  pruneopts = "NUT"
  revision = "37c8de3658fcb183f997c4e13e8337516ab753e6"
  version = "v1.0.1"

[[projects]]
  digest = "1:45c41cd27a8d986998680bfc86da0bbff5fa4f90d0f446c00636c8b099028ffe"
  name = "github.com/blang/semver"
  packages = ["."]
  pruneopts = "NUT"
  revision = "ba2c2ddd89069b46a7011d4106f6868f17ee1705"
  version = "v3.6.1"

[[projects]]
  digest = "1:a12d94258c5298ead75e142e8001224bf029f302fed9e96cd39c0eaf90f3954d"
  name = "github.com/boltdb/bolt"
  packages = ["."]
  pruneopts = "NUT"
  revision = "2f1ce7a837dcb8da3ec595b1dac9d0632f0f99e8"
  version = "v1.3.1"

[[projects]]
  digest = "1:063db6a0b87d39e99b3102a293cf675c23bb82074acea0a3e9276b3331216c2a"
  name = "github.com/cenkalti/backoff"
  packages = ["."]
  pruneopts = "NUT"
  revision = "61153c768f31ee5f130071d08fc82b85208528de"
  version = "v1.1.0"

[[projects]]
  digest = "1:ffe9824d294da03b391f44e1ae8281281b4afc1bdaa9588c9097785e3af10cec"
  name = "github.com/davecgh/go-spew"
  packages = ["spew"]
  pruneopts = "NUT"
  revision = "8991bc29aa16c548c550c7ff78260e27b9ab7c73"
  version = "v1.1.1"

[[projects]]
  branch = "develop"
  digest = "1:93c50d5f0b1e381b8116b0b644bf8890b0d8bfedb7fe18d8304c0e5ad4488f79"
  name = "github.com/fibercrypto/skywallet-go"
  packages = [
    "src/integration/proxy",
    "src/skywallet",
    "src/skywallet/usb",
    "src/skywallet/wire",
    "src/usb/lowlevel/hidapi",
    "src/usb/lowlevel/libusb",
  ]
  pruneopts = "T"
  revision = "8e10440cf9e721a0944f046dcf78c07e97489cf3"

[[projects]]
  branch = "develop"
  digest = "1:ec1a1f7bbfba1362708324d1b7aff4153086c837cdfe13eabd241a4cc9bac44d"
  name = "github.com/fibercrypto/skywallet-protob"
  packages = [
    "go",
    "go/google/protobuf",
  ]
  pruneopts = "NUT"
  revision = "81be0e9029a26fadc841a14e84bd8a822b2dd8b5"

[[projects]]
  digest = "1:d439e7c59417e2221733a69fadeabc351a64c96ed02dde6b9d41b009d4139f83"
  name = "github.com/gogo/protobuf"
  packages = ["proto"]
  pruneopts = "NUT"
  revision = "5628607bb4c51c3157aacc3a50f0ab707582b805"
  version = "v1.3.1"

[[projects]]
  digest = "1:a06187c7498a14ab96bb909e09af9ce1687678f355b775bcf1dc84729e2a2100"
  name = "github.com/golang/protobuf"
  packages = [
    "proto",
    "ptypes",
    "ptypes/any",
    "ptypes/duration",
    "ptypes/timestamp",
  ]
  pruneopts = "NUT"
  revision = "d23c5127dc24889085f8ccea5c9d560a57a879d8"
  version = "v1.3.3"

[[projects]]
  digest = "1:406338ad39ab2e37b7f4452906442a3dbf0eb3379dd1f06aafb5c07e769a5fbb"
  name = "github.com/inconshreveable/mousetrap"
  packages = ["."]
  pruneopts = "NUT"
  revision = "76626ae9c91c4f2a10f34cad8ce83ea42c93bb75"
  version = "v1.0"

[[projects]]
  digest = "1:58999a98719fddbac6303cb17e8d85b945f60b72f48e3a2df6b950b97fa926f1"
  name = "github.com/konsorten/go-windows-terminal-sequences"
  packages = ["."]
  pruneopts = "NUT"
  revision = "f55edac94c9bbba5d6182a4be46d86a2c9b5b50e"
  version = "v1.0.2"

[[projects]]
  digest = "1:bced2617aac935b7931d43bdd5fd5ef3eacbb52291c61e423afe8037f6dd95f9"
  name = "github.com/mattn/go-colorable"
  packages = ["."]
  pruneopts = "NUT"
  revision = "98ec13f34aabf44cc914c65a1cfb7b9bc815aef1"
  version = "v0.1.4"

[[projects]]
  digest = "1:4c2c63bfd4c2ae0c5a9d7f75cab1f4fac4e8c2ce58f52a73322cefc9bdb4c5bd"
  name = "github.com/mattn/go-isatty"
  packages = ["."]
  pruneopts = "NUT"
  revision = "7b513a986450394f7bbf1476909911b3aa3a55ce"
  version = "v0.0.12"

[[projects]]
  digest = "1:5985ef4caf91ece5d54817c11ea25f182697534f8ae6521eadcd628c142ac4b6"
  name = "github.com/matttproud/golang_protobuf_extensions"
  packages = ["pbutil"]
  pruneopts = "NUT"
  revision = "c12348ce28de40eed0136aa2b644d0ee0650e56c"
  version = "v1.0.1"

[[projects]]
  branch = "master"
  digest = "1:063d55b87e200bced5e2be658cc70acafb4c5bbc4afa04d4b82f66298b73d089"
  name = "github.com/mgutz/ansi"
  packages = ["."]
  pruneopts = "NUT"
  revision = "9520e82c474b0a04dd04f8a40959027271bab992"

[[projects]]
  digest = "1:0028cb19b2e4c3112225cd871870f2d9cf49b9b4276531f03438a88e94be86fe"
  name = "github.com/pmezard/go-difflib"
  packages = ["difflib"]
  pruneopts = "NUT"
  revision = "792786c7400a136282c1664665ae0a8db921c6c2"
  version = "v1.0.0"

[[projects]]
  digest = "1:03bca087b180bf24c4f9060775f137775550a0834e18f0bca0520a868679dbd7"
  name = "github.com/prometheus/client_golang"
  packages = [
    "prometheus",
    "prometheus/promhttp",
  ]
  pruneopts = "NUT"
  revision = "c5b7fccd204277076155f10851dad72b76a49317"
  version = "v0.8.0"

[[projects]]
  digest = "1:0db23933b8052702d980a3f029149b3f175f7c0eea0cff85b175017d0f2722c0"
  name = "github.com/prometheus/client_model"
  packages = ["go"]
  pruneopts = "NUT"
  revision = "7bc5445566f0fe75b15de23e6b93886e982d7bf9"
  version = "v0.2.0"

[[projects]]
  digest = "1:0c9d56afe4f5b3ab5658a3270a680db8f6936d7794377fa0b9880663958b18b0"
  name = "github.com/prometheus/common"
  packages = [
    "expfmt",
    "internal/bitbucket.org/ww/goautoneg",
    "model",
  ]
  pruneopts = "NUT"
  revision = "d978bcb1309602d68bb4ba69cf3f8ed900e07308"
  version = "v0.9.1"

[[projects]]
  digest = "1:a4b063a766f50cdadc1fce12053e3bde8599f1f8b7621d7e293cd2fc86543a44"
  name = "github.com/prometheus/procfs"
  packages = [
    ".",
    "internal/fs",
    "internal/util",
  ]
  pruneopts = "NUT"
  revision = "6d489fc7f1d9cd890a250f3ea3431b1744b9623f"
  version = "v0.0.8"

[[projects]]
  digest = "1:c109c5d92f0de1ceeea77ae0d13a20bf0f8e4ef5d3b0e69a40a6d7ac470836bc"
  name = "github.com/rs/cors"
  packages = ["."]
  pruneopts = "NUT"
  revision = "db0fe48135e83b5812a5a31be0eea66984b1b521"
  version = "v1.7.0"

[[projects]]
  digest = "1:11afe1ad32273aeda2ff5e80317638da5006aff881263b995038900a89494eff"
  name = "github.com/shopspring/decimal"
  packages = ["."]
  pruneopts = "NUT"
  revision = "cd690d0c9e2447b1ef2a129a6b7b49077da89b8e"
  version = "1.1.0"

[[projects]]
  digest = "1:f4aaa07a6c33f2b354726d0571acbc8ca118837c75709f6353203ae1a3f8eeab"
  name = "github.com/sirupsen/logrus"
  packages = ["."]
  pruneopts = "NUT"
  revision = "839c75faf7f98a33d445d181f3018b5c3409a45e"
  version = "v1.4.2"

[[projects]]
  branch = "develop"
  digest = "1:296eddda33403e4c506e3398ace25de0dfabf46156c86db86e6e0aa69ca43d9d"
  name = "github.com/skycoin/skycoin"
  packages = [
    "src/cipher",
    "src/cipher/base58",
    "src/cipher/ripemd160",
    "src/cipher/secp256k1-go",
    "src/cipher/secp256k1-go/secp256k1-go2",
    "src/util/logging",
  ]
  pruneopts = "NUT"
  revision = "d7e4b2f3e31ea96bdcaba595507fde42baa156b9"

[[projects]]
  digest = "1:d3533ee568fc00a971617ec09dc0f0b3eddfb4adbc1275f8f6332553d67506b4"
  name = "github.com/spf13/cobra"
  packages = ["."]
  pruneopts = "NUT"
  revision = "f2b07da1e2c38d5f12845a4f607e2e1018cbb1f5"
  version = "v0.0.5"

[[projects]]
  digest = "1:d115708a27806831d1babbc6f28a7478ddf8e32a7095507c816e2515fb03a810"
  name = "github.com/spf13/pflag"
  packages = ["."]
  pruneopts = "NUT"
  revision = "2e9d26c8c37aae03e3f9d4e90b7116f5accb7cab"
  version = "v1.0.5"

[[projects]]
  digest = "1:f139b10b830b064ab218c79a5c3f770c2e94c48c92e0d0085099a458490acfde"
  name = "github.com/stretchr/objx"
  packages = ["."]
  pruneopts = "NUT"
  revision = "ea4fe68685ee0d3cee7032121851b57e7494e8ea"
  version = "v0.2.0"

[[projects]]
  digest = "1:9c5200504d96cb7a3df099e8f79a45cf5df91f575bb51095f8c3355eeed38aa7"
  name = "github.com/stretchr/testify"
  packages = [
    "assert",
    "mock",
    "require",
  ]
  pruneopts = "NUT"
  revision = "2aa2c176b9dab406a6970f6a55f513e8a8c8b18f"

[[projects]]
  branch = "master"
  digest = "1:7d48359beaf9338737095261d796704f4df17776183141813200aab4d4b0131c"
  name = "github.com/therecipe/qt"
  packages = [
    "core",
    "gui",
    "internal/binding/runtime",
    "network",
    "qml",
  ]
  pruneopts = "NUT"
  revision = "5074eb6d8c41fdae5d1956af7c286160a40dd8fd"

[[projects]]
  branch = "master"
  digest = "1:059bf4e6350ea6202b837cb24216b735d997e29e407f299be040a826c0bc026c"
  name = "golang.org/x/crypto"
  packages = [
    "bcrypt",
    "blowfish",
    "pbkdf2",
    "ssh/terminal",
  ]
  pruneopts = "NUT"
  revision = "ecb85df213405b7d32e4d73cb5bbaace2ec88881"

[[projects]]
  branch = "master"
  digest = "1:76ee51c3f468493aff39dbacc401e8831fbb765104cbf613b89bef01cf4bad70"
  name = "golang.org/x/net"
  packages = ["context"]
  pruneopts = "NUT"
  revision = "16171245cfb220d5317888b716d69c1fb4e7992b"

[[projects]]
  branch = "master"
  digest = "1:6aaac7c1fc71a6310c4996f72f84df206cfcdc3423fa8c7f18d0adc0c87134a6"
  name = "golang.org/x/sys"
  packages = [
    "unix",
    "windows",
  ]
  pruneopts = "NUT"
  revision = "d101bd2416d505c0448a6ce8a282482678040a89"

[solve-meta]
  analyzer-name = "dep"
  analyzer-version = 1
  input-imports = [
    "github.com/SkycoinProject/skycoin/src/api",
    "github.com/SkycoinProject/skycoin/src/cipher",
    "github.com/SkycoinProject/skycoin/src/cipher/base58",
    "github.com/SkycoinProject/skycoin/src/cipher/bip39",
    "github.com/SkycoinProject/skycoin/src/cipher/testsuite",
    "github.com/SkycoinProject/skycoin/src/cli",
    "github.com/SkycoinProject/skycoin/src/coin",
    "github.com/SkycoinProject/skycoin/src/params",
    "github.com/SkycoinProject/skycoin/src/readable",
    "github.com/SkycoinProject/skycoin/src/testutil",
    "github.com/SkycoinProject/skycoin/src/util/droplet",
    "github.com/SkycoinProject/skycoin/src/util/file",
    "github.com/SkycoinProject/skycoin/src/util/logging",
    "github.com/SkycoinProject/skycoin/src/visor",
    "github.com/SkycoinProject/skycoin/src/visor/dbutil",
    "github.com/SkycoinProject/skycoin/src/wallet",
    "github.com/boltdb/bolt",
    "github.com/fibercrypto/skywallet-go/src/integration/proxy",
    "github.com/fibercrypto/skywallet-go/src/skywallet",
    "github.com/fibercrypto/skywallet-go/src/skywallet/usb",
    "github.com/fibercrypto/skywallet-go/src/skywallet/wire",
    "github.com/fibercrypto/skywallet-protob/go",
    "github.com/gogo/protobuf/proto",
    "github.com/mgutz/ansi",
    "github.com/sirupsen/logrus",
    "github.com/stretchr/testify/assert",
    "github.com/stretchr/testify/mock",
    "github.com/stretchr/testify/require",
    "github.com/therecipe/qt/core",
    "github.com/therecipe/qt/gui",
    "github.com/therecipe/qt/qml",
    "golang.org/x/crypto/bcrypt",
    "golang.org/x/crypto/pbkdf2",
    "golang.org/x/crypto/ssh/terminal",
  ]
  solver-name = "gps-cdcl"
  solver-version = 1
